
Microsoft Visual Studio Solution File, Format Version 12.00
# Visual Studio Version 17
VisualStudioVersion = 17.9.34701.34
MinimumVisualStudioVersion = 10.0.40219.1
Project("{FAE04EC0-301F-11D3-BF4B-00C04F79EFBC}") = "HelloCADAPI", "HelloCADAPI\HelloCADAPI.csproj", "{7846BCB7-B978-4F60-9DF2-C27F2D4269A6}"
EndProject
Project("{FAE04EC0-301F-11D3-BF4B-00C04F79EFBC}") = "DrawObject", "DrawObject\DrawObject.csproj", "{5A51B7D8-6160-4C28-AF85-60EBE550D8D0}"
EndProject
Global
	GlobalSection(SolutionConfigurationPlatforms) = preSolution
		Debug|Any CPU = Debug|Any CPU
		Release|Any CPU = Release|Any CPU
	EndGlobalSection
	GlobalSection(ProjectConfigurationPlatforms) = postSolution
		{7846BCB7-B978-4F60-9DF2-C27F2D4269A6}.Debug|Any CPU.ActiveCfg = Debug|Any CPU
		{7846BCB7-B978-4F60-9DF2-C27F2D4269A6}.Debug|Any CPU.Build.0 = Debug|Any CPU
		{7846BCB7-B978-4F60-9DF2-C27F2D4269A6}.Release|Any CPU.ActiveCfg = Release|Any CPU
		{7846BCB7-B978-4F60-9DF2-C27F2D4269A6}.Release|Any CPU.Build.0 = Release|Any CPU
		{5A51B7D8-6160-4C28-AF85-60EBE550D8D0}.Debug|Any CPU.ActiveCfg = Debug|Any CPU
		{5A51B7D8-6160-4C28-AF85-60EBE550D8D0}.Debug|Any CPU.Build.0 = Debug|Any CPU
		{5A51B7D8-6160-4C28-AF85-60EBE550D8D0}.Release|Any CPU.ActiveCfg = Release|Any CPU
		{5A51B7D8-6160-4C28-AF85-60EBE550D8D0}.Release|Any CPU.Build.0 = Release|Any CPU
	EndGlobalSection
	GlobalSection(SolutionProperties) = preSolution
		HideSolutionNode = FALSE
	EndGlobalSection
	GlobalSection(ExtensibilityGlobals) = postSolution
		SolutionGuid = {386B403E-71F5-43DC-AA0D-36DF87A4654D}
	EndGlobalSection
EndGlobal
